# THIS IS AN AUTOGENERATED FILE. DO NOT EDIT THIS FILE DIRECTLY.
# yarn lockfile v1


input-core@^1.0.0:
  version "1.0.0"
  resolved "https://registry.yarnpkg.com/input-core/-/input-core-1.0.0.tgz#e8c02f92fbac4033058fcaa1b779bef3a8fbae70"
  integrity sha1-6MAvkvusQDMFj8qht3m+86j7rnA=

prettier@^1.18.2:
  version "1.18.2"
  resolved "https://registry.yarnpkg.com/prettier/-/prettier-1.18.2.tgz#6823e7c5900017b4bd3acf46fe9ac4b4d7bda9ea"
  integrity sha512-OeHeMc0JhFE9idD4ZdtNibzY0+TPHSpSSb9h8FqtP+YnoZZ1sl8Vc9b1sasjfymH3SonAF4QcA2+mzHPhMvIiw==
