# THIS IS AN AUTOGENERATED FILE. DO NOT EDIT THIS FILE DIRECTLY.
# yarn lockfile v1


input-core@2.0.1:
  version "2.0.1"
  resolved "https://registry.yarnpkg.com/input-core/-/input-core-2.0.1.tgz#4aa350f4f2b65d34dd6e94745ff9ab6bf0963ef3"
  integrity sha512-KHx7rZraeQItqJaWThYx6BN/ScfbgtOyeKz48Dl8uM68LfaNtJb7jxhyoh6HYDhvbmrpcN5UE1IiYp0q1xOHuQ==

prettier@^1.18.2:
  version "1.18.2"
  resolved "https://registry.yarnpkg.com/prettier/-/prettier-1.18.2.tgz#6823e7c5900017b4bd3acf46fe9ac4b4d7bda9ea"
  integrity sha512-OeHeMc0JhFE9idD4ZdtNibzY0+TPHSpSSb9h8FqtP+YnoZZ1sl8Vc9b1sasjfymH3SonAF4QcA2+mzHPhMvIiw==
