# THIS IS AN AUTOGENERATED FILE. DO NOT EDIT THIS FILE DIRECTLY.
# yarn lockfile v1


input-core@2.0.1:
  version "2.0.1"
  resolved "https://registry.yarnpkg.com/input-core/-/input-core-2.0.1.tgz#4aa350f4f2b65d34dd6e94745ff9ab6bf0963ef3"
  integrity sha512-KHx7rZraeQItqJaWThYx6BN/ScfbgtOyeKz48Dl8uM68LfaNtJb7jxhyoh6HYDhvbmrpcN5UE1IiYp0q1xOHuQ==

prettier@^1.18.2:
  version "1.19.1"
  resolved "https://registry.yarnpkg.com/prettier/-/prettier-1.19.1.tgz#f7d7f5ff8a9cd872a7be4ca142095956a60797cb"
  integrity sha512-s7PoyDv/II1ObgQunCbB9PdLmUcBZcnWOcxDh7O0N/UwDEsHyqkW+Qh28jW+mVuCdx7gLB0BotYI1Y6uI9iyew==
